
Microsoft Visual Studio Solution File, Format Version 12.00
# Visual Studio 15
VisualStudioVersion = 15.0.26124.0
MinimumVisualStudioVersion = 15.0.26124.0
Project("{2150E333-8FDC-42A3-9474-1A3956D46DE8}") = "src", "src", "{E21D1886-E153-4956-B6D5-86D183286B5F}"
EndProject
Project("{FAE04EC0-301F-11D3-BF4B-00C04F79EFBC}") = "GradeBook", "src\GradeBook\GradeBook.csproj", "{7001F19A-C337-4E39-8887-ECA04DB03ED7}"
EndProject
Project("{2150E333-8FDC-42A3-9474-1A3956D46DE8}") = "test", "test", "{E123C413-DE2F-4411-98A9-3D6B5176642E}"
EndProject
Project("{FAE04EC0-301F-11D3-BF4B-00C04F79EFBC}") = "GradeBook.Test", "test\GradeBook.Test\GradeBook.Test.csproj", "{DA3C51E4-735C-4C92-B73F-FF09F9D22E2B}"
EndProject
Global
	GlobalSection(SolutionConfigurationPlatforms) = preSolution
		Debug|Any CPU = Debug|Any CPU
		Debug|x64 = Debug|x64
		Debug|x86 = Debug|x86
		Release|Any CPU = Release|Any CPU
		Release|x64 = Release|x64
		Release|x86 = Release|x86
	EndGlobalSection
	GlobalSection(SolutionProperties) = preSolution
		HideSolutionNode = FALSE
	EndGlobalSection
	GlobalSection(ProjectConfigurationPlatforms) = postSolution
		{7001F19A-C337-4E39-8887-ECA04DB03ED7}.Debug|Any CPU.ActiveCfg = Debug|Any CPU
		{7001F19A-C337-4E39-8887-ECA04DB03ED7}.Debug|Any CPU.Build.0 = Debug|Any CPU
		{7001F19A-C337-4E39-8887-ECA04DB03ED7}.Debug|x64.ActiveCfg = Debug|Any CPU
		{7001F19A-C337-4E39-8887-ECA04DB03ED7}.Debug|x64.Build.0 = Debug|Any CPU
		{7001F19A-C337-4E39-8887-ECA04DB03ED7}.Debug|x86.ActiveCfg = Debug|Any CPU
		{7001F19A-C337-4E39-8887-ECA04DB03ED7}.Debug|x86.Build.0 = Debug|Any CPU
		{7001F19A-C337-4E39-8887-ECA04DB03ED7}.Release|Any CPU.ActiveCfg = Release|Any CPU
		{7001F19A-C337-4E39-8887-ECA04DB03ED7}.Release|Any CPU.Build.0 = Release|Any CPU
		{7001F19A-C337-4E39-8887-ECA04DB03ED7}.Release|x64.ActiveCfg = Release|Any CPU
		{7001F19A-C337-4E39-8887-ECA04DB03ED7}.Release|x64.Build.0 = Release|Any CPU
		{7001F19A-C337-4E39-8887-ECA04DB03ED7}.Release|x86.ActiveCfg = Release|Any CPU
		{7001F19A-C337-4E39-8887-ECA04DB03ED7}.Release|x86.Build.0 = Release|Any CPU
		{DA3C51E4-735C-4C92-B73F-FF09F9D22E2B}.Debug|Any CPU.ActiveCfg = Debug|Any CPU
		{DA3C51E4-735C-4C92-B73F-FF09F9D22E2B}.Debug|Any CPU.Build.0 = Debug|Any CPU
		{DA3C51E4-735C-4C92-B73F-FF09F9D22E2B}.Debug|x64.ActiveCfg = Debug|Any CPU
		{DA3C51E4-735C-4C92-B73F-FF09F9D22E2B}.Debug|x64.Build.0 = Debug|Any CPU
		{DA3C51E4-735C-4C92-B73F-FF09F9D22E2B}.Debug|x86.ActiveCfg = Debug|Any CPU
		{DA3C51E4-735C-4C92-B73F-FF09F9D22E2B}.Debug|x86.Build.0 = Debug|Any CPU
		{DA3C51E4-735C-4C92-B73F-FF09F9D22E2B}.Release|Any CPU.ActiveCfg = Release|Any CPU
		{DA3C51E4-735C-4C92-B73F-FF09F9D22E2B}.Release|Any CPU.Build.0 = Release|Any CPU
		{DA3C51E4-735C-4C92-B73F-FF09F9D22E2B}.Release|x64.ActiveCfg = Release|Any CPU
		{DA3C51E4-735C-4C92-B73F-FF09F9D22E2B}.Release|x64.Build.0 = Release|Any CPU
		{DA3C51E4-735C-4C92-B73F-FF09F9D22E2B}.Release|x86.ActiveCfg = Release|Any CPU
		{DA3C51E4-735C-4C92-B73F-FF09F9D22E2B}.Release|x86.Build.0 = Release|Any CPU
	EndGlobalSection
	GlobalSection(NestedProjects) = preSolution
		{7001F19A-C337-4E39-8887-ECA04DB03ED7} = {E21D1886-E153-4956-B6D5-86D183286B5F}
		{DA3C51E4-735C-4C92-B73F-FF09F9D22E2B} = {E123C413-DE2F-4411-98A9-3D6B5176642E}
	EndGlobalSection
EndGlobal
